
Microsoft Visual Studio Solution File, Format Version 12.00
# Visual Studio Version 17
VisualStudioVersion = 17.6.33801.468
MinimumVisualStudioVersion = 10.0.40219.1
Project("{FAE04EC0-301F-11D3-BF4B-00C04F79EFBC}") = "WeatherStationProgram", "WeatherStationProgram\WeatherStationProgram.csproj", "{3AE6948E-3419-4CAB-A90A-0C2103D9B89D}"
EndProject
Global
	GlobalSection(SolutionConfigurationPlatforms) = preSolution
		Debug|Any CPU = Debug|Any CPU
		Release|Any CPU = Release|Any CPU
	EndGlobalSection
	GlobalSection(ProjectConfigurationPlatforms) = postSolution
		{3AE6948E-3419-4CAB-A90A-0C2103D9B89D}.Debug|Any CPU.ActiveCfg = Debug|Any CPU
		{3AE6948E-3419-4CAB-A90A-0C2103D9B89D}.Debug|Any CPU.Build.0 = Debug|Any CPU
		{3AE6948E-3419-4CAB-A90A-0C2103D9B89D}.Release|Any CPU.ActiveCfg = Release|Any CPU
		{3AE6948E-3419-4CAB-A90A-0C2103D9B89D}.Release|Any CPU.Build.0 = Release|Any CPU
	EndGlobalSection
	GlobalSection(SolutionProperties) = preSolution
		HideSolutionNode = FALSE
	EndGlobalSection
	GlobalSection(ExtensibilityGlobals) = postSolution
		SolutionGuid = {A693EA99-DB16-45CB-BC77-27FF70B5D233}
	EndGlobalSection
EndGlobal
